
Microsoft Visual Studio Solution File, Format Version 12.00
# Visual Studio Version 17
VisualStudioVersion = 17.7.34221.43
MinimumVisualStudioVersion = 10.0.40219.1
Project("{FAE04EC0-301F-11D3-BF4B-00C04F79EFBC}") = "MWash", "MWash.csproj", "{2566A132-73A6-4325-B71F-4ED0A1ADB92B}"
EndProject
Global
	GlobalSection(SolutionConfigurationPlatforms) = preSolution
		Debug|Any CPU = Debug|Any CPU
		Release|Any CPU = Release|Any CPU
	EndGlobalSection
	GlobalSection(ProjectConfigurationPlatforms) = postSolution
		{2566A132-73A6-4325-B71F-4ED0A1ADB92B}.Debug|Any CPU.ActiveCfg = Debug|Any CPU
		{2566A132-73A6-4325-B71F-4ED0A1ADB92B}.Debug|Any CPU.Build.0 = Debug|Any CPU
		{2566A132-73A6-4325-B71F-4ED0A1ADB92B}.Release|Any CPU.ActiveCfg = Release|Any CPU
		{2566A132-73A6-4325-B71F-4ED0A1ADB92B}.Release|Any CPU.Build.0 = Release|Any CPU
	EndGlobalSection
	GlobalSection(SolutionProperties) = preSolution
		HideSolutionNode = FALSE
	EndGlobalSection
	GlobalSection(ExtensibilityGlobals) = postSolution
		SolutionGuid = {242E9DAF-2470-4FB1-98AB-DB039832FF83}
	EndGlobalSection
EndGlobal
